
Microsoft Visual Studio Solution File, Format Version 11.00
# Visual Studio 2010
Project("{FAE04EC0-301F-11D3-BF4B-00C04F79EFBC}") = "Assembly-CSharp", "Assembly-CSharp.csproj", "{D98EE8DB-692F-8077-C23B-1D9C2014991A}"
EndProject
Project("{FAE04EC0-301F-11D3-BF4B-00C04F79EFBC}") = "Oculus.VR", "Oculus.VR.csproj", "{23B6B872-78E1-6C39-7ABA-F23613F464C9}"
EndProject
Project("{FAE04EC0-301F-11D3-BF4B-00C04F79EFBC}") = "Assembly-CSharp-Editor", "Assembly-CSharp-Editor.csproj", "{AEEB6D63-2B7E-269E-8BF6-35A22CB271D7}"
EndProject
Project("{FAE04EC0-301F-11D3-BF4B-00C04F79EFBC}") = "Oculus.VR.Scripts.Editor", "Oculus.VR.Scripts.Editor.csproj", "{D841EE51-6147-480F-7FB6-D74D016760F0}"
EndProject
Project("{FAE04EC0-301F-11D3-BF4B-00C04F79EFBC}") = "Oculus.VR.Editor", "Oculus.VR.Editor.csproj", "{154A2F41-01DE-4343-92F0-9C1D0136E902}"
EndProject
Global
	GlobalSection(SolutionConfigurationPlatforms) = preSolution
		Debug|Any CPU = Debug|Any CPU
		Release|Any CPU = Release|Any CPU
	EndGlobalSection
	GlobalSection(ProjectConfigurationPlatforms) = postSolution
		{D98EE8DB-692F-8077-C23B-1D9C2014991A}.Debug|Any CPU.ActiveCfg = Debug|Any CPU
		{D98EE8DB-692F-8077-C23B-1D9C2014991A}.Debug|Any CPU.Build.0 = Debug|Any CPU
		{D98EE8DB-692F-8077-C23B-1D9C2014991A}.Release|Any CPU.ActiveCfg = Release|Any CPU
		{D98EE8DB-692F-8077-C23B-1D9C2014991A}.Release|Any CPU.Build.0 = Release|Any CPU
		{23B6B872-78E1-6C39-7ABA-F23613F464C9}.Debug|Any CPU.ActiveCfg = Debug|Any CPU
		{23B6B872-78E1-6C39-7ABA-F23613F464C9}.Debug|Any CPU.Build.0 = Debug|Any CPU
		{23B6B872-78E1-6C39-7ABA-F23613F464C9}.Release|Any CPU.ActiveCfg = Release|Any CPU
		{23B6B872-78E1-6C39-7ABA-F23613F464C9}.Release|Any CPU.Build.0 = Release|Any CPU
		{AEEB6D63-2B7E-269E-8BF6-35A22CB271D7}.Debug|Any CPU.ActiveCfg = Debug|Any CPU
		{AEEB6D63-2B7E-269E-8BF6-35A22CB271D7}.Debug|Any CPU.Build.0 = Debug|Any CPU
		{AEEB6D63-2B7E-269E-8BF6-35A22CB271D7}.Release|Any CPU.ActiveCfg = Release|Any CPU
		{AEEB6D63-2B7E-269E-8BF6-35A22CB271D7}.Release|Any CPU.Build.0 = Release|Any CPU
		{D841EE51-6147-480F-7FB6-D74D016760F0}.Debug|Any CPU.ActiveCfg = Debug|Any CPU
		{D841EE51-6147-480F-7FB6-D74D016760F0}.Debug|Any CPU.Build.0 = Debug|Any CPU
		{D841EE51-6147-480F-7FB6-D74D016760F0}.Release|Any CPU.ActiveCfg = Release|Any CPU
		{D841EE51-6147-480F-7FB6-D74D016760F0}.Release|Any CPU.Build.0 = Release|Any CPU
		{154A2F41-01DE-4343-92F0-9C1D0136E902}.Debug|Any CPU.ActiveCfg = Debug|Any CPU
		{154A2F41-01DE-4343-92F0-9C1D0136E902}.Debug|Any CPU.Build.0 = Debug|Any CPU
		{154A2F41-01DE-4343-92F0-9C1D0136E902}.Release|Any CPU.ActiveCfg = Release|Any CPU
		{154A2F41-01DE-4343-92F0-9C1D0136E902}.Release|Any CPU.Build.0 = Release|Any CPU
	EndGlobalSection
	GlobalSection(SolutionProperties) = preSolution
		HideSolutionNode = FALSE
	EndGlobalSection
EndGlobal
